
Microsoft Visual Studio Solution File, Format Version 12.00
# Visual Studio Version 17
VisualStudioVersion = 17.0.31903.59
MinimumVisualStudioVersion = 10.0.40219.1
Project("{FAE04EC0-301F-11D3-BF4B-00C04F79EFBC}") = "CountrySecure.API", "CountrySecure.API\CountrySecure.API.csproj", "{C84F7C25-E464-43B8-BF3A-63B80661BE8C}"
EndProject
Project("{FAE04EC0-301F-11D3-BF4B-00C04F79EFBC}") = "CountrySecure.Application", "CountrySecure.Application\CountrySecure.Application.csproj", "{4B4855D1-A2CF-4A62-86E0-88680E027325}"
EndProject
Project("{FAE04EC0-301F-11D3-BF4B-00C04F79EFBC}") = "CountrySecure.Domain", "CountrySecure.Domain\CountrySecure.Domain.csproj", "{BDFED979-6235-4BB5-ACA1-44965C55828F}"
EndProject
Project("{FAE04EC0-301F-11D3-BF4B-00C04F79EFBC}") = "CountrySecure.Infrastructure", "CountrySecure.Infrastructure\CountrySecure.Infrastructure.csproj", "{7173138C-6ED2-4E3C-90C2-12B1B851489D}"
EndProject
Global
	GlobalSection(SolutionConfigurationPlatforms) = preSolution
		Debug|Any CPU = Debug|Any CPU
		Debug|x64 = Debug|x64
		Debug|x86 = Debug|x86
		Release|Any CPU = Release|Any CPU
		Release|x64 = Release|x64
		Release|x86 = Release|x86
	EndGlobalSection
	GlobalSection(ProjectConfigurationPlatforms) = postSolution
		{C84F7C25-E464-43B8-BF3A-63B80661BE8C}.Debug|Any CPU.ActiveCfg = Debug|Any CPU
		{C84F7C25-E464-43B8-BF3A-63B80661BE8C}.Debug|Any CPU.Build.0 = Debug|Any CPU
		{C84F7C25-E464-43B8-BF3A-63B80661BE8C}.Debug|x64.ActiveCfg = Debug|Any CPU
		{C84F7C25-E464-43B8-BF3A-63B80661BE8C}.Debug|x64.Build.0 = Debug|Any CPU
		{C84F7C25-E464-43B8-BF3A-63B80661BE8C}.Debug|x86.ActiveCfg = Debug|Any CPU
		{C84F7C25-E464-43B8-BF3A-63B80661BE8C}.Debug|x86.Build.0 = Debug|Any CPU
		{C84F7C25-E464-43B8-BF3A-63B80661BE8C}.Release|Any CPU.ActiveCfg = Release|Any CPU
		{C84F7C25-E464-43B8-BF3A-63B80661BE8C}.Release|Any CPU.Build.0 = Release|Any CPU
		{C84F7C25-E464-43B8-BF3A-63B80661BE8C}.Release|x64.ActiveCfg = Release|Any CPU
		{C84F7C25-E464-43B8-BF3A-63B80661BE8C}.Release|x64.Build.0 = Release|Any CPU
		{C84F7C25-E464-43B8-BF3A-63B80661BE8C}.Release|x86.ActiveCfg = Release|Any CPU
		{C84F7C25-E464-43B8-BF3A-63B80661BE8C}.Release|x86.Build.0 = Release|Any CPU
		{4B4855D1-A2CF-4A62-86E0-88680E027325}.Debug|Any CPU.ActiveCfg = Debug|Any CPU
		{4B4855D1-A2CF-4A62-86E0-88680E027325}.Debug|Any CPU.Build.0 = Debug|Any CPU
		{4B4855D1-A2CF-4A62-86E0-88680E027325}.Debug|x64.ActiveCfg = Debug|Any CPU
		{4B4855D1-A2CF-4A62-86E0-88680E027325}.Debug|x64.Build.0 = Debug|Any CPU
		{4B4855D1-A2CF-4A62-86E0-88680E027325}.Debug|x86.ActiveCfg = Debug|Any CPU
		{4B4855D1-A2CF-4A62-86E0-88680E027325}.Debug|x86.Build.0 = Debug|Any CPU
		{4B4855D1-A2CF-4A62-86E0-88680E027325}.Release|Any CPU.ActiveCfg = Release|Any CPU
		{4B4855D1-A2CF-4A62-86E0-88680E027325}.Release|Any CPU.Build.0 = Release|Any CPU
		{4B4855D1-A2CF-4A62-86E0-88680E027325}.Release|x64.ActiveCfg = Release|Any CPU
		{4B4855D1-A2CF-4A62-86E0-88680E027325}.Release|x64.Build.0 = Release|Any CPU
		{4B4855D1-A2CF-4A62-86E0-88680E027325}.Release|x86.ActiveCfg = Release|Any CPU
		{4B4855D1-A2CF-4A62-86E0-88680E027325}.Release|x86.Build.0 = Release|Any CPU
		{BDFED979-6235-4BB5-ACA1-44965C55828F}.Debug|Any CPU.ActiveCfg = Debug|Any CPU
		{BDFED979-6235-4BB5-ACA1-44965C55828F}.Debug|Any CPU.Build.0 = Debug|Any CPU
		{BDFED979-6235-4BB5-ACA1-44965C55828F}.Debug|x64.ActiveCfg = Debug|Any CPU
		{BDFED979-6235-4BB5-ACA1-44965C55828F}.Debug|x64.Build.0 = Debug|Any CPU
		{BDFED979-6235-4BB5-ACA1-44965C55828F}.Debug|x86.ActiveCfg = Debug|Any CPU
		{BDFED979-6235-4BB5-ACA1-44965C55828F}.Debug|x86.Build.0 = Debug|Any CPU
		{BDFED979-6235-4BB5-ACA1-44965C55828F}.Release|Any CPU.ActiveCfg = Release|Any CPU
		{BDFED979-6235-4BB5-ACA1-44965C55828F}.Release|Any CPU.Build.0 = Release|Any CPU
		{BDFED979-6235-4BB5-ACA1-44965C55828F}.Release|x64.ActiveCfg = Release|Any CPU
		{BDFED979-6235-4BB5-ACA1-44965C55828F}.Release|x64.Build.0 = Release|Any CPU
		{BDFED979-6235-4BB5-ACA1-44965C55828F}.Release|x86.ActiveCfg = Release|Any CPU
		{BDFED979-6235-4BB5-ACA1-44965C55828F}.Release|x86.Build.0 = Release|Any CPU
		{7173138C-6ED2-4E3C-90C2-12B1B851489D}.Debug|Any CPU.ActiveCfg = Debug|Any CPU
		{7173138C-6ED2-4E3C-90C2-12B1B851489D}.Debug|Any CPU.Build.0 = Debug|Any CPU
		{7173138C-6ED2-4E3C-90C2-12B1B851489D}.Debug|x64.ActiveCfg = Debug|Any CPU
		{7173138C-6ED2-4E3C-90C2-12B1B851489D}.Debug|x64.Build.0 = Debug|Any CPU
		{7173138C-6ED2-4E3C-90C2-12B1B851489D}.Debug|x86.ActiveCfg = Debug|Any CPU
		{7173138C-6ED2-4E3C-90C2-12B1B851489D}.Debug|x86.Build.0 = Debug|Any CPU
		{7173138C-6ED2-4E3C-90C2-12B1B851489D}.Release|Any CPU.ActiveCfg = Release|Any CPU
		{7173138C-6ED2-4E3C-90C2-12B1B851489D}.Release|Any CPU.Build.0 = Release|Any CPU
		{7173138C-6ED2-4E3C-90C2-12B1B851489D}.Release|x64.ActiveCfg = Release|Any CPU
		{7173138C-6ED2-4E3C-90C2-12B1B851489D}.Release|x64.Build.0 = Release|Any CPU
		{7173138C-6ED2-4E3C-90C2-12B1B851489D}.Release|x86.ActiveCfg = Release|Any CPU
		{7173138C-6ED2-4E3C-90C2-12B1B851489D}.Release|x86.Build.0 = Release|Any CPU
	EndGlobalSection
	GlobalSection(SolutionProperties) = preSolution
		HideSolutionNode = FALSE
	EndGlobalSection
EndGlobal
